{
  "name": "cc-workspace",
  "version": "1.0.0",
  "lockfileVersion": 3,
  "requires": true,
  "packages": {
    "": {
      "name": "cc-workspace",
      "dependencies": {
        "@anthropic-ai/claude-code": "^2.1.169",
        "@anthropic-ai/sdk": "^0.102.0",
        "claude-code": "^1.0.0"
      }
    },
    "node_modules/@anthropic-ai/claude-code": {
      "version": "2.1.169",
      "resolved": "https://registry.npmjs.org/@anthropic-ai/claude-code/-/claude-code-2.1.169.tgz",
      "integrity": "sha512-1XH5RF7dZ0x99DfC1Lt7YeAuf//V6A5MuthvlsyoiouXaP6T2qMzj9AUXHNwj3uiGIvs1sIHFyAAJgz1Gvb3Hw==",
      "hasInstallScript": true,
      "license": "SEE LICENSE IN README.md",
      "bin": {
        "claude": "bin/claude.exe"
      },
      "engines": {
        "node": ">=18.0.0"
      },
      "optionalDependencies": {
        "@anthropic-ai/claude-code-darwin-arm64": "2.1.169",
        "@anthropic-ai/claude-code-darwin-x64": "2.1.169",
        "@anthropic-ai/claude-code-linux-arm64": "2.1.169",
        "@anthropic-ai/claude-code-linux-arm64-musl": "2.1.169",
        "@anthropic-ai/claude-code-linux-x64": "2.1.169",
        "@anthropic-ai/claude-code-linux-x64-musl": "2.1.169",
        "@anthropic-ai/claude-code-win32-arm64": "2.1.169",
        "@anthropic-ai/claude-code-win32-x64": "2.1.169"
      }
    },
    "node_modules/@anthropic-ai/claude-code-darwin-arm64": {
      "version": "2.1.169",
      "resolved": "https://registry.npmjs.org/@anthropic-ai/claude-code-darwin-arm64/-/claude-code-darwin-arm64-2.1.169.tgz",
      "integrity": "sha512-/dbiVtlfDNIeSgnaDqcljAWCi0jf0btN7/6PkGZNU1DhyeRmKlRW5vtYFaLnBy13c68DsExMWbpiOdJU3+KbHg==",
      "cpu": [
        "arm64"
      ],
      "license": "SEE LICENSE IN LICENSE.md",
      "optional": true,
      "os": [
        "darwin"
      ]
    },
    "node_modules/@anthropic-ai/claude-code-darwin-x64": {
      "version": "2.1.169",
      "resolved": "https://registry.npmjs.org/@anthropic-ai/claude-code-darwin-x64/-/claude-code-darwin-x64-2.1.169.tgz",
      "integrity": "sha512-FN0THf/l/QD2Ce8hHWlmwewRJ8avCtS6C9vSgAzApbBDnDwedu/ojTBzCUKBTZzyz0BZO9+hoQOE0GkKmVhdLg==",
      "cpu": [
        "x64"
      ],
      "license": "SEE LICENSE IN LICENSE.md",
      "optional": true,
      "os": [
        "darwin"
      ]
    },
    "node_modules/@anthropic-ai/claude-code-linux-arm64": {
      "version": "2.1.169",
      "resolved": "https://registry.npmjs.org/@anthropic-ai/claude-code-linux-arm64/-/claude-code-linux-arm64-2.1.169.tgz",
      "integrity": "sha512-VNiGVuv8J7Tn8PLReRmzy42KXaEr1rMZerU2kGTXaxDVo81TAZHDEimYpG8cYUH9/9Rv2+PDLpyb5pyS2lwWEA==",
      "cpu": [
        "arm64"
      ],
      "libc": [
        "glibc"
      ],
      "license": "SEE LICENSE IN LICENSE.md",
      "optional": true,
      "os": [
        "linux"
      ]
    },
    "node_modules/@anthropic-ai/claude-code-linux-arm64-musl": {
      "version": "2.1.169",
      "resolved": "https://registry.npmjs.org/@anthropic-ai/claude-code-linux-arm64-musl/-/claude-code-linux-arm64-musl-2.1.169.tgz",
      "integrity": "sha512-AwZSrNzuOhB81tyswxs0GeWm+BtoaD29XhKCOZ5D47WdO5h+9EGkurFWaX+aqnV1I7HLJOihoPNBx70YdS+1OA==",
      "cpu": [
        "arm64"
      ],
      "libc": [
        "musl"
      ],
      "license": "SEE LICENSE IN LICENSE.md",
      "optional": true,
      "os": [
        "linux"
      ]
    },
    "node_modules/@anthropic-ai/claude-code-linux-x64": {
      "version": "2.1.169",
      "resolved": "https://registry.npmjs.org/@anthropic-ai/claude-code-linux-x64/-/claude-code-linux-x64-2.1.169.tgz",
      "integrity": "sha512-YMe7DhD3mCoLedEA+Mkm8hwrk0v6rIzSxVS3KEPBso8Qa198h2EvppAC1EFhiJ1sq9pP38bOOU+COq8ery5unQ==",
      "cpu": [
        "x64"
      ],
      "libc": [
        "glibc"
      ],
      "license": "SEE LICENSE IN LICENSE.md",
      "optional": true,
      "os": [
        "linux"
      ]
    },
    "node_modules/@anthropic-ai/claude-code-linux-x64-musl": {
      "version": "2.1.169",
      "resolved": "https://registry.npmjs.org/@anthropic-ai/claude-code-linux-x64-musl/-/claude-code-linux-x64-musl-2.1.169.tgz",
      "integrity": "sha512-RI80cF26M/lRiSjtcolefZlvoYRO/JDsJFuvV4OspPWNOeO+EgO9fmScGYo+DrONhOMzxUuioLrtk+ZnMNfgWw==",
      "cpu": [
        "x64"
      ],
      "libc": [
        "musl"
      ],
      "license": "SEE LICENSE IN LICENSE.md",
      "optional": true,
      "os": [
        "linux"
      ]
    },
    "node_modules/@anthropic-ai/claude-code-win32-arm64": {
      "version": "2.1.169",
      "resolved": "https://registry.npmjs.org/@anthropic-ai/claude-code-win32-arm64/-/claude-code-win32-arm64-2.1.169.tgz",
      "integrity": "sha512-/u7qZqjCfKdNlu/feOjjsi4n3ATblGk8xL/+5n0MRb1WIj1XeaUP1LH61NuHo/sWszLQLKZktTC+qielGkDVOQ==",
      "cpu": [
        "arm64"
      ],
      "license": "SEE LICENSE IN LICENSE.md",
      "optional": true,
      "os": [
        "win32"
      ]
    },
    "node_modules/@anthropic-ai/claude-code-win32-x64": {
      "version": "2.1.169",
      "resolved": "https://registry.npmjs.org/@anthropic-ai/claude-code-win32-x64/-/claude-code-win32-x64-2.1.169.tgz",
      "integrity": "sha512-CCyS4KDvUVzea7jP8gJaWICmihmjM1DtI8/qK7S3vK0Bn3x25oVBRhjK9vEm8G07RH4dGzHXcQUYgxsdTLlJ1Q==",
      "cpu": [
        "x64"
      ],
      "license": "SEE LICENSE IN LICENSE.md",
      "optional": true,
      "os": [
        "win32"
      ]
    },
    "node_modules/@anthropic-ai/sdk": {
      "version": "0.102.0",
      "resolved": "https://registry.npmjs.org/@anthropic-ai/sdk/-/sdk-0.102.0.tgz",
      "integrity": "sha512-cThh3KcPW3lzkFyTz1cjyhJvOVw45NkLMoowO2ZJ/76CBz44ADUon+NsjEc/PypAkARs72Xu8qxTnx6PAOTQUQ==",
      "license": "MIT",
      "dependencies": {
        "json-schema-to-ts": "^3.1.1",
        "standardwebhooks": "^1.0.0"
      },
      "bin": {
        "anthropic-ai-sdk": "bin/cli"
      },
      "peerDependencies": {
        "zod": "^3.25.0 || ^4.0.0"
      },
      "peerDependenciesMeta": {
        "zod": {
          "optional": true
        }
      }
    },
    "node_modules/@babel/runtime": {
      "version": "7.29.7",
      "resolved": "https://registry.npmjs.org/@babel/runtime/-/runtime-7.29.7.tgz",
      "integrity": "sha512-Nq8OhGWiZIZGV6hLHoyAKLLcJihP/xFeBMGJoUrxTX2psI8dCifzLhZISFb+VWS3wFMRDmCGw5R+dOySCqPLhw==",
      "license": "MIT",
      "engines": {
        "node": ">=6.9.0"
      }
    },
    "node_modules/@stablelib/base64": {
      "version": "1.0.1",
      "resolved": "https://registry.npmjs.org/@stablelib/base64/-/base64-1.0.1.tgz",
      "integrity": "sha512-1bnPQqSxSuc3Ii6MhBysoWCg58j97aUjuCSZrGSmDxNqtytIi0k8utUenAwTZN4V5mXXYGsVUI9zeBqy+jBOSQ==",
      "license": "MIT"
    },
    "node_modules/claude-code": {
      "version": "1.0.0",
      "resolved": "https://registry.npmjs.org/claude-code/-/claude-code-1.0.0.tgz",
      "integrity": "sha512-x5z3ZlQBRcd3fX5MtiC19kzVxonaY6/Ligbjedp21TlQ/m7FuiQHNsegiZVmOoY6a5BmqdMYTUI3dRj3RtnlGQ==",
      "license": "MIT",
      "bin": {
        "claude-code": "index.js"
      }
    },
    "node_modules/fast-sha256": {
      "version": "1.3.0",
      "resolved": "https://registry.npmjs.org/fast-sha256/-/fast-sha256-1.3.0.tgz",
      "integrity": "sha512-n11RGP/lrWEFI/bWdygLxhI+pVeo1ZYIVwvvPkW7azl/rOy+F3HYRZ2K5zeE9mmkhQppyv9sQFx0JM9UabnpPQ==",
      "license": "Unlicense"
    },
    "node_modules/json-schema-to-ts": {
      "version": "3.1.1",
      "resolved": "https://registry.npmjs.org/json-schema-to-ts/-/json-schema-to-ts-3.1.1.tgz",
      "integrity": "sha512-+DWg8jCJG2TEnpy7kOm/7/AxaYoaRbjVB4LFZLySZlWn8exGs3A4OLJR966cVvU26N7X9TWxl+Jsw7dzAqKT6g==",
      "license": "MIT",
      "dependencies": {
        "@babel/runtime": "^7.18.3",
        "ts-algebra": "^2.0.0"
      },
      "engines": {
        "node": ">=16"
      }
    },
    "node_modules/standardwebhooks": {
      "version": "1.0.0",
      "resolved": "https://registry.npmjs.org/standardwebhooks/-/standardwebhooks-1.0.0.tgz",
      "integrity": "sha512-BbHGOQK9olHPMvQNHWul6MYlrRTAOKn03rOe4A8O3CLWhNf4YHBqq2HJKKC+sfqpxiBY52pNeesD6jIiLDz8jg==",
      "license": "MIT",
      "dependencies": {
        "@stablelib/base64": "^1.0.0",
        "fast-sha256": "^1.3.0"
      }
    },
    "node_modules/ts-algebra": {
      "version": "2.0.0",
      "resolved": "https://registry.npmjs.org/ts-algebra/-/ts-algebra-2.0.0.tgz",
      "integrity": "sha512-FPAhNPFMrkwz76P7cdjdmiShwMynZYN6SgOujD1urY4oNm80Ou9oMdmbR45LotcKOXoy7wSmHkRFE6Mxbrhefw==",
      "license": "MIT"
    }
  }
}
